
Microsoft Visual Studio Solution File, Format Version 12.00
# Visual Studio Version 16
VisualStudioVersion = 16.0.29709.97
MinimumVisualStudioVersion = 10.0.40219.1
Project("{9A19103F-16F7-4668-BE54-9A1E7A4F7556}") = "P01_HospitalDatabase", "P01_HospitalDatabase\P01_HospitalDatabase.csproj", "{F7BBF903-CDE6-4239-AE0F-272DE122E32E}"
EndProject
Project("{FAE04EC0-301F-11D3-BF4B-00C04F79EFBC}") = "P03_SalesDatabase", "P03_SalesDatabase\P03_SalesDatabase.csproj", "{08A0DECE-4C6D-4838-86F2-68AC9B063E78}"
EndProject
Global
	GlobalSection(SolutionConfigurationPlatforms) = preSolution
		Debug|Any CPU = Debug|Any CPU
		Release|Any CPU = Release|Any CPU
	EndGlobalSection
	GlobalSection(ProjectConfigurationPlatforms) = postSolution
		{F7BBF903-CDE6-4239-AE0F-272DE122E32E}.Debug|Any CPU.ActiveCfg = Debug|Any CPU
		{F7BBF903-CDE6-4239-AE0F-272DE122E32E}.Debug|Any CPU.Build.0 = Debug|Any CPU
		{F7BBF903-CDE6-4239-AE0F-272DE122E32E}.Release|Any CPU.ActiveCfg = Release|Any CPU
		{F7BBF903-CDE6-4239-AE0F-272DE122E32E}.Release|Any CPU.Build.0 = Release|Any CPU
		{08A0DECE-4C6D-4838-86F2-68AC9B063E78}.Debug|Any CPU.ActiveCfg = Debug|Any CPU
		{08A0DECE-4C6D-4838-86F2-68AC9B063E78}.Debug|Any CPU.Build.0 = Debug|Any CPU
		{08A0DECE-4C6D-4838-86F2-68AC9B063E78}.Release|Any CPU.ActiveCfg = Release|Any CPU
		{08A0DECE-4C6D-4838-86F2-68AC9B063E78}.Release|Any CPU.Build.0 = Release|Any CPU
	EndGlobalSection
	GlobalSection(SolutionProperties) = preSolution
		HideSolutionNode = FALSE
	EndGlobalSection
	GlobalSection(ExtensibilityGlobals) = postSolution
		SolutionGuid = {3B885D24-2CF9-4EF0-AA84-9152EB162716}
	EndGlobalSection
EndGlobal
