
Microsoft Visual Studio Solution File, Format Version 12.00
# Visual Studio Version 16
VisualStudioVersion = 16.0.29709.97
MinimumVisualStudioVersion = 10.0.40219.1
Project("{9A19103F-16F7-4668-BE54-9A1E7A4F7556}") = "P01_StudentSystem", "Student System\P01_StudentSystem.csproj", "{D6BC422A-5B0F-4ADF-B410-A2A24306FEF7}"
EndProject
Global
	GlobalSection(SolutionConfigurationPlatforms) = preSolution
		Debug|Any CPU = Debug|Any CPU
		Release|Any CPU = Release|Any CPU
	EndGlobalSection
	GlobalSection(ProjectConfigurationPlatforms) = postSolution
		{D6BC422A-5B0F-4ADF-B410-A2A24306FEF7}.Debug|Any CPU.ActiveCfg = Debug|Any CPU
		{D6BC422A-5B0F-4ADF-B410-A2A24306FEF7}.Debug|Any CPU.Build.0 = Debug|Any CPU
		{D6BC422A-5B0F-4ADF-B410-A2A24306FEF7}.Release|Any CPU.ActiveCfg = Release|Any CPU
		{D6BC422A-5B0F-4ADF-B410-A2A24306FEF7}.Release|Any CPU.Build.0 = Release|Any CPU
	EndGlobalSection
	GlobalSection(SolutionProperties) = preSolution
		HideSolutionNode = FALSE
	EndGlobalSection
	GlobalSection(ExtensibilityGlobals) = postSolution
		SolutionGuid = {2EAFA78C-ED3F-4BFC-A9BF-B24FB95B5033}
	EndGlobalSection
EndGlobal
